
Microsoft Visual Studio Solution File, Format Version 12.00
# Visual Studio Version 17
VisualStudioVersion = 17.5.33502.453
MinimumVisualStudioVersion = 10.0.40219.1
Project("{FAE04EC0-301F-11D3-BF4B-00C04F79EFBC}") = "MegaDeskTop", "MegaDeskTop\MegaDeskTop.csproj", "{ADBF41F1-CDD8-4627-BB1E-22873BB7C1E3}"
EndProject
Global
	GlobalSection(SolutionConfigurationPlatforms) = preSolution
		Debug|Any CPU = Debug|Any CPU
		Release|Any CPU = Release|Any CPU
	EndGlobalSection
	GlobalSection(ProjectConfigurationPlatforms) = postSolution
		{ADBF41F1-CDD8-4627-BB1E-22873BB7C1E3}.Debug|Any CPU.ActiveCfg = Debug|Any CPU
		{ADBF41F1-CDD8-4627-BB1E-22873BB7C1E3}.Debug|Any CPU.Build.0 = Debug|Any CPU
		{ADBF41F1-CDD8-4627-BB1E-22873BB7C1E3}.Release|Any CPU.ActiveCfg = Release|Any CPU
		{ADBF41F1-CDD8-4627-BB1E-22873BB7C1E3}.Release|Any CPU.Build.0 = Release|Any CPU
	EndGlobalSection
	GlobalSection(SolutionProperties) = preSolution
		HideSolutionNode = FALSE
	EndGlobalSection
	GlobalSection(ExtensibilityGlobals) = postSolution
		SolutionGuid = {75469970-666D-46DC-BFB4-F1D21BFC2450}
	EndGlobalSection
EndGlobal
